github.com/aws/aws-sdk-go-v2 v0.29.0 h1:V/KKvuMO2hwHRg2SXJc5aasBHhD1AWbS6KMWg/Ueq1w=
github.com/aws/aws-sdk-go-v2 v0.29.0/go.mod h1:4d1/Ee0vCwCF7BfG1hCT3zu82493cRy5+VZ8JHvMPf0=
github.com/aws/aws-sdk-go-v2 v0.29.1-0.20201112231730-2d786000ccee/go.mod h1:sfvlyefY54joy/2ohHP8LRSXhkE7A/Cw1uU8ypOMdj0=
github.com/aws/aws-sdk-go-v2 v0.29.1-0.20201113222241-726e4a15683d h1:93Jm1o822AjAxUxa1iInxkJpn3yyWV7MD4+2nq85Zu8=
github.com/aws/aws-sdk-go-v2 v0.29.1-0.20201113222241-726e4a15683d/go.mod h1:sfvlyefY54joy/2ohHP8LRSXhkE7A/Cw1uU8ypOMdj0=
github.com/aws/aws-sdk-go-v2 v0.29.1-0.20201119173554-97bf5d36401a h1:e8q5iHyN/uaV8ZsHfVF4C1dzOAfe+Ps4QbZp66ix2aA=
github.com/aws/aws-sdk-go-v2 v0.29.1-0.20201119173554-97bf5d36401a/go.mod h1:sfvlyefY54joy/2ohHP8LRSXhkE7A/Cw1uU8ypOMdj0=
github.com/aws/aws-sdk-go-v2/config v0.2.3-0.20201119173554-97bf5d36401a h1:kYNrZK2jaOb8+jMQOqyq6KRbIUHmNczBuW8n5lhcw4c=
github.com/aws/aws-sdk-go-v2/config v0.2.3-0.20201119173554-97bf5d36401a/go.mod h1:ZeBP+CIASnpr9mS6l4EAoWXJCu+t72BCoVXBew6gnUg=
github.com/aws/aws-sdk-go-v2/credentials v0.1.4 h1:ReVvyoYW/HriCnCWMoWC2ftvh0g9U4wS7lB5GFYK/ZE=
github.com/aws/aws-sdk-go-v2/credentials v0.1.4/go.mod h1:o0z92KOE6YJ/DyGSJmt83dG9YlGUc2n04QYwbfNsA8Q=
github.com/aws/aws-sdk-go-v2/credentials v0.1.5-0.20201119173554-97bf5d36401a h1:nki8jTl9ChDYJ4jscIhuTQSQ2rZx2F2ZlrrAF7MQv1Q=
github.com/aws/aws-sdk-go-v2/credentials v0.1.5-0.20201119173554-97bf5d36401a/go.mod h1:JUrFgwjYAggl8qwaMKlVAqbKMFmIaLsP6mo97ElJ7U8=
github.com/aws/aws-sdk-go-v2/ec2imds v0.1.4 h1:N3atV6naU7rFtS3gg/XU2ZuiPqzFm3HONBbnGDdPq1A=
github.com/aws/aws-sdk-go-v2/ec2imds v0.1.4/go.mod h1:h5WB2P4CTnVroyw/gvIiyMTtl/zvnKAC4H74EWiKOco=
github.com/aws/aws-sdk-go-v2/ec2imds v0.1.5-0.20201119173554-97bf5d36401a h1:rOf4yOp5MBj5GcVwFvTz3mRXwo5ED/HcIvt99op0TJY=
github.com/aws/aws-sdk-go-v2/ec2imds v0.1.5-0.20201119173554-97bf5d36401a/go.mod h1:nWMvHmKpf9tV28Y+VuTUsYzCKD1Bs4qBumlX4ckLxC4=
github.com/aws/aws-sdk-go-v2/service/internal/accept-encoding v0.3.1-0.20201113222241-726e4a15683d h1:cnCSbwLs1cqUcDaK6uJ03wFeKnfzB9URzvP7gkBq4to=
github.com/aws/aws-sdk-go-v2/service/internal/accept-encoding v0.3.1-0.20201113222241-726e4a15683d/go.mod h1:8ssQ+eALAh5+Z5uix7Ku/rzM1uDVNQrAQx7cNiq1Rwo=
github.com/aws/aws-sdk-go-v2/service/internal/s3shared v0.3.1-0.20201113222241-726e4a15683d/go.mod h1:BX2s32S4jSBstqbZP4DSztc6v/eYnFqt962dyD/1PX0=
github.com/aws/aws-sdk-go-v2/service/internal/s3shared v0.3.2-0.20201119173554-97bf5d36401a h1:iNxznFIHyAMBe/l0R72Qfl9czPn2Y+ZjsxjWTi11Nuk=
github.com/aws/aws-sdk-go-v2/service/internal/s3shared v0.3.2-0.20201119173554-97bf5d36401a/go.mod h1:BX2s32S4jSBstqbZP4DSztc6v/eYnFqt962dyD/1PX0=
github.com/aws/aws-sdk-go-v2/service/s3 v0.29.1-0.20201119173554-97bf5d36401a h1:uGXEMn3+TlPE5PlmzSF/JcwDbmEuothYtAArI6pzOUY=
github.com/aws/aws-sdk-go-v2/service/s3 v0.29.1-0.20201119173554-97bf5d36401a/go.mod h1:Wf13MuAoa0mL8DZmM/yFlcJXsM+Afk4iBE7ptAwoWmE=
github.com/aws/aws-sdk-go-v2/service/sts v0.29.0 h1:EOEsrzOQh+xU4lKbrkRoTybsP704I32GczRFsW6apEw=
github.com/aws/aws-sdk-go-v2/service/sts v0.29.0/go.mod h1:zV0Fx4GE1wPZJ3iHn1g7UxoPb+uJfqOkvBp3UQAq3bc=
github.com/aws/aws-sdk-go-v2/service/sts v0.29.1-0.20201119173554-97bf5d36401a h1:94zjz5OvG0BNz92LBPWpUv6vIf4MHsdpMQhfOWY/Jq8=
github.com/aws/aws-sdk-go-v2/service/sts v0.29.1-0.20201119173554-97bf5d36401a/go.mod h1:om88a/p2Eebfi9seeBL5m1G4IdbJa6h5BZPaxfl3COI=
github.com/awslabs/smithy-go v0.3.0 h1:I1EQ1P+VtxpuNnGYymATewaKrlnaYQwFvO8lNTsafbs=
github.com/awslabs/smithy-go v0.3.0/go.mod h1:hPOQwnmBLHsUphH13tVSjQhTAFma0/0XoZGbBcOuABI=
github.com/awslabs/smithy-go v0.3.1-0.20201104233911-38864709e183/go.mod h1:hPOQwnmBLHsUphH13tVSjQhTAFma0/0XoZGbBcOuABI=
github.com/awslabs/smithy-go v0.3.1-0.20201108010311-62c2a93810b4 h1:Aj5dOF+lDoEhU92no7YZF0IokuWGjiNrcm/DGIG3iII=
github.com/awslabs/smithy-go v0.3.1-0.20201108010311-62c2a93810b4/go.mod h1:hPOQwnmBLHsUphH13tVSjQhTAFma0/0XoZGbBcOuABI=
github.com/davecgh/go-spew v1.1.0/go.mod h1:J7Y8YcW2NihsgmVo/mv3lAwl/skON4iLHjSsI+c5H38=
github.com/google/go-cmp v0.4.1 h1:/exdXoGamhu5ONeUJH0deniYLWYvQwW66yvlfiiKTu0=
github.com/google/go-cmp v0.4.1/go.mod h1:v8dTdLbMG2kIc/vJvl+f65V22dbkXbowE6jgT/gNBxE=
github.com/jmespath/go-jmespath v0.4.0/go.mod h1:T8mJZnbsbmF+m6zOOFylbeCJqk5+pHWvzYPziyZiYoo=
github.com/jmespath/go-jmespath/internal/testify v1.5.1/go.mod h1:L3OGu8Wl2/fWfCI6z80xFu9LTZmf1ZRjMHUOPmWr69U=
github.com/pmezard/go-difflib v1.0.0/go.mod h1:iKH77koFhYxTK1pcRnkKkqfTogsbg7gZNVY4sRDYZ/4=
github.com/stretchr/objx v0.1.0/go.mod h1:HFkY916IF+rwdDfMAkV7OtwuqBVzrE8GR6GFx+wExME=
golang.org/x/xerrors v0.0.0-20191204190536-9bdfabe68543 h1:E7g+9GITq07hpfrRu66IVDexMakfv52eLZ2CXBWiKr4=
golang.org/x/xerrors v0.0.0-20191204190536-9bdfabe68543/go.mod h1:I/5z698sn9Ka8TeJc9MKroUUfqBBauWjQqLJ2OPfmY0=
gopkg.in/check.v1 v0.0.0-20161208181325-20d25e280405/go.mod h1:Co6ibVJAznAaIkqp8huTwlJQCZ016jof/cbN4VW5Yz0=
gopkg.in/yaml.v2 v2.2.8/go.mod h1:hI93XBmqTisBFMUTm0b8Fm+jr3Dg1NNxqwp+5A1VGuI=
